// !$*UTF8*$!
{
	archiveVersion = 1;
	classes = {
	};
	objectVersion = 52;
	objects = {

/* Begin PBXBuildFile section */
		2DC8425825C3DA52007D5A08 /* AppDelegate.swift in Sources */ = {isa = PBXBuildFile; fileRef = 2DC8425725C3DA52007D5A08 /* AppDelegate.swift */; };
		2DC8425A25C3DA52007D5A08 /* SceneDelegate.swift in Sources */ = {isa = PBXBuildFile; fileRef = 2DC8425925C3DA52007D5A08 /* SceneDelegate.swift */; };
		2DC8425C25C3DA52007D5A08 /* ContentView.swift in Sources */ = {isa = PBXBuildFile; fileRef = 2DC8425B25C3DA52007D5A08 /* ContentView.swift */; };
		2DC8425F25C3DA52007D5A08 /* api_example.xcdatamodeld in Sources */ = {isa = PBXBuildFile; fileRef = 2DC8425D25C3DA52007D5A08 /* api_example.xcdatamodeld */; };
		2DC8426125C3DA53007D5A08 /* Assets.xcassets in Resources */ = {isa = PBXBuildFile; fileRef = 2DC8426025C3DA53007D5A08 /* Assets.xcassets */; };
		2DC8426425C3DA53007D5A08 /* Preview Assets.xcassets in Resources */ = {isa = PBXBuildFile; fileRef = 2DC8426325C3DA53007D5A08 /* Preview Assets.xcassets */; };
		2DC8426725C3DA53007D5A08 /* LaunchScreen.storyboard in Resources */ = {isa = PBXBuildFile; fileRef = 2DC8426525C3DA53007D5A08 /* LaunchScreen.storyboard */; };
		2DC8427125C3E302007D5A08 /* request.swift in Sources */ = {isa = PBXBuildFile; fileRef = 2DC8427025C3E302007D5A08 /* request.swift */; };
		2DC8427625C45F68007D5A08 /* Alamofire in Frameworks */ = {isa = PBXBuildFile; productRef = 2DC8427525C45F68007D5A08 /* Alamofire */; };
/* End PBXBuildFile section */

/* Begin PBXFileReference section */
		2DC8425425C3DA52007D5A08 /* api_example.app */ = {isa = PBXFileReference; explicitFileType = wrapper.application; includeInIndex = 0; path = api_example.app; sourceTree = BUILT_PRODUCTS_DIR; };
		2DC8425725C3DA52007D5A08 /* AppDelegate.swift */ = {isa = PBXFileReference; lastKnownFileType = sourcecode.swift; path = AppDelegate.swift; sourceTree = "<group>"; };
		2DC8425925C3DA52007D5A08 /* SceneDelegate.swift */ = {isa = PBXFileReference; lastKnownFileType = sourcecode.swift; path = SceneDelegate.swift; sourceTree = "<group>"; };
		2DC8425B25C3DA52007D5A08 /* ContentView.swift */ = {isa = PBXFileReference; lastKnownFileType = sourcecode.swift; path = ContentView.swift; sourceTree = "<group>"; };
		2DC8425E25C3DA52007D5A08 /* api_example.xcdatamodel */ = {isa = PBXFileReference; lastKnownFileType = wrapper.xcdatamodel; path = api_example.xcdatamodel; sourceTree = "<group>"; };
		2DC8426025C3DA53007D5A08 /* Assets.xcassets */ = {isa = PBXFileReference; lastKnownFileType = folder.assetcatalog; path = Assets.xcassets; sourceTree = "<group>"; };
		2DC8426325C3DA53007D5A08 /* Preview Assets.xcassets */ = {isa = PBXFileReference; lastKnownFileType = folder.assetcatalog; path = "Preview Assets.xcassets"; sourceTree = "<group>"; };
		2DC8426625C3DA53007D5A08 /* Base */ = {isa = PBXFileReference; lastKnownFileType = file.storyboard; name = Base; path = Base.lproj/LaunchScreen.storyboard; sourceTree = "<group>"; };
		2DC8426825C3DA53007D5A08 /* Info.plist */ = {isa = PBXFileReference; lastKnownFileType = text.plist.xml; path = Info.plist; sourceTree = "<group>"; };
		2DC8427025C3E302007D5A08 /* request.swift */ = {isa = PBXFileReference; lastKnownFileType = sourcecode.swift; path = request.swift; sourceTree = "<group>"; };
/* End PBXFileReference section */

/* Begin PBXFrameworksBuildPhase section */
		2DC8425125C3DA52007D5A08 /* Frameworks */ = {
			isa = PBXFrameworksBuildPhase;
			buildActionMask = 2147483647;
			files = (
				2DC8427625C45F68007D5A08 /* Alamofire in Frameworks */,
			);
			runOnlyForDeploymentPostprocessing = 0;
		};
/* End PBXFrameworksBuildPhase section */

/* Begin PBXGroup section */
		2DC8424B25C3DA52007D5A08 = {
			isa = PBXGroup;
			children = (
				2DC8425625C3DA52007D5A08 /* api_example */,
				2DC8425525C3DA52007D5A08 /* Products */,
			);
			sourceTree = "<group>";
		};
		2DC8425525C3DA52007D5A08 /* Products */ = {
			isa = PBXGroup;
			children = (
				2DC8425425C3DA52007D5A08 /* api_example.app */,
			);
			name = Products;
			sourceTree = "<group>";
		};
		2DC8425625C3DA52007D5A08 /* api_example */ = {
			isa = PBXGroup;
			children = (
				2DC8426F25C3E294007D5A08 /* Controller */,
				2DC8425725C3DA52007D5A08 /* AppDelegate.swift */,
				2DC8425925C3DA52007D5A08 /* SceneDelegate.swift */,
				2DC8425B25C3DA52007D5A08 /* ContentView.swift */,
				2DC8426025C3DA53007D5A08 /* Assets.xcassets */,
				2DC8426525C3DA53007D5A08 /* LaunchScreen.storyboard */,
				2DC8426825C3DA53007D5A08 /* Info.plist */,
				2DC8425D25C3DA52007D5A08 /* api_example.xcdatamodeld */,
				2DC8426225C3DA53007D5A08 /* Preview Content */,
			);
			path = api_example;
			sourceTree = "<group>";
		};
		2DC8426225C3DA53007D5A08 /* Preview Content */ = {
			isa = PBXGroup;
			children = (
				2DC8426325C3DA53007D5A08 /* Preview Assets.xcassets */,
			);
			path = "Preview Content";
			sourceTree = "<group>";
		};
		2DC8426F25C3E294007D5A08 /* Controller */ = {
			isa = PBXGroup;
			children = (
				2DC8427025C3E302007D5A08 /* request.swift */,
			);
			path = Controller;
			sourceTree = "<group>";
		};
/* End PBXGroup section */

/* Begin PBXNativeTarget section */
		2DC8425325C3DA52007D5A08 /* api_example */ = {
			isa = PBXNativeTarget;
			buildConfigurationList = 2DC8426B25C3DA53007D5A08 /* Build configuration list for PBXNativeTarget "api_example" */;
			buildPhases = (
				2DC8425025C3DA52007D5A08 /* Sources */,
				2DC8425125C3DA52007D5A08 /* Frameworks */,
				2DC8425225C3DA52007D5A08 /* Resources */,
			);
			buildRules = (
			);
			dependencies = (
			);
			name = api_example;
			packageProductDependencies = (
				2DC8427525C45F68007D5A08 /* Alamofire */,
			);
			productName = api_example;
			productReference = 2DC8425425C3DA52007D5A08 /* api_example.app */;
			productType = "com.apple.product-type.application";
		};
/* End PBXNativeTarget section */

/* Begin PBXProject section */
		2DC8424C25C3DA52007D5A08 /* Project object */ = {
			isa = PBXProject;
			attributes = {
				LastSwiftUpdateCheck = 1240;
				LastUpgradeCheck = 1240;
				TargetAttributes = {
					2DC8425325C3DA52007D5A08 = {
						CreatedOnToolsVersion = 12.4;
					};
				};
			};
			buildConfigurationList = 2DC8424F25C3DA52007D5A08 /* Build configuration list for PBXProject "api_example" */;
			compatibilityVersion = "Xcode 9.3";
			developmentRegion = en;
			hasScannedForEncodings = 0;
			knownRegions = (
				en,
				Base,
			);
			mainGroup = 2DC8424B25C3DA52007D5A08;
			packageReferences = (
				2DC8427425C45F68007D5A08 /* XCRemoteSwiftPackageReference "Alamofire" */,
			);
			productRefGroup = 2DC8425525C3DA52007D5A08 /* Products */;
			projectDirPath = "";
			projectRoot = "";
			targets = (
				2DC8425325C3DA52007D5A08 /* api_example */,
			);
		};
/* End PBXProject section */

/* Begin PBXResourcesBuildPhase section */
		2DC8425225C3DA52007D5A08 /* Resources */ = {
			isa = PBXResourcesBuildPhase;
			buildActionMask = 2147483647;
			files = (
				2DC8426725C3DA53007D5A08 /* LaunchScreen.storyboard in Resources */,
				2DC8426425C3DA53007D5A08 /* Preview Assets.xcassets in Resources */,
				2DC8426125C3DA53007D5A08 /* Assets.xcassets in Resources */,
			);
			runOnlyForDeploymentPostprocessing = 0;
		};
/* End PBXResourcesBuildPhase section */

/* Begin PBXSourcesBuildPhase section */
		2DC8425025C3DA52007D5A08 /* Sources */ = {
			isa = PBXSourcesBuildPhase;
			buildActionMask = 2147483647;
			files = (
				2DC8425825C3DA52007D5A08 /* AppDelegate.swift in Sources */,
				2DC8425F25C3DA52007D5A08 /* api_example.xcdatamodeld in Sources */,
				2DC8425A25C3DA52007D5A08 /* SceneDelegate.swift in Sources */,
				2DC8427125C3E302007D5A08 /* request.swift in Sources */,
				2DC8425C25C3DA52007D5A08 /* ContentView.swift in Sources */,
			);
			runOnlyForDeploymentPostprocessing = 0;
		};
/* End PBXSourcesBuildPhase section */

/* Begin PBXVariantGroup section */
		2DC8426525C3DA53007D5A08 /* LaunchScreen.storyboard */ = {
			isa = PBXVariantGroup;
			children = (
				2DC8426625C3DA53007D5A08 /* Base */,
			);
			name = LaunchScreen.storyboard;
			sourceTree = "<group>";
		};
/* End PBXVariantGroup section */

/* Begin XCBuildConfiguration section */
		2DC8426925C3DA53007D5A08 /* Debug */ = {
			isa = XCBuildConfiguration;
			buildSettings = {
				ALWAYS_SEARCH_USER_PATHS = NO;
				CLANG_ANALYZER_NONNULL = YES;
				CLANG_ANALYZER_NUMBER_OBJECT_CONVERSION = YES_AGGRESSIVE;
				CLANG_CXX_LANGUAGE_STANDARD = "gnu++14";
				CLANG_CXX_LIBRARY = "libc++";
				CLANG_ENABLE_MODULES = YES;
				CLANG_ENABLE_OBJC_ARC = YES;
				CLANG_ENABLE_OBJC_WEAK = YES;
				CLANG_WARN_BLOCK_CAPTURE_AUTORELEASING = YES;
				CLANG_WARN_BOOL_CONVERSION = YES;
				CLANG_WARN_COMMA = YES;
				CLANG_WARN_CONSTANT_CONVERSION = YES;
				CLANG_WARN_DEPRECATED_OBJC_IMPLEMENTATIONS = YES;
				CLANG_WARN_DIRECT_OBJC_ISA_USAGE = YES_ERROR;
				CLANG_WARN_DOCUMENTATION_COMMENTS = YES;
				CLANG_WARN_EMPTY_BODY = YES;
				CLANG_WARN_ENUM_CONVERSION = YES;
				CLANG_WARN_INFINITE_RECURSION = YES;
				CLANG_WARN_INT_CONVERSION = YES;
				CLANG_WARN_NON_LITERAL_NULL_CONVERSION = YES;
				CLANG_WARN_OBJC_IMPLICIT_RETAIN_SELF = YES;
				CLANG_WARN_OBJC_LITERAL_CONVERSION = YES;
				CLANG_WARN_OBJC_ROOT_CLASS = YES_ERROR;
				CLANG_WARN_QUOTED_INCLUDE_IN_FRAMEWORK_HEADER = YES;
				CLANG_WARN_RANGE_LOOP_ANALYSIS = YES;
				CLANG_WARN_STRICT_PROTOTYPES = YES;
				CLANG_WARN_SUSPICIOUS_MOVE = YES;
				CLANG_WARN_UNGUARDED_AVAILABILITY = YES_AGGRESSIVE;
				CLANG_WARN_UNREACHABLE_CODE = YES;
				CLANG_WARN__DUPLICATE_METHOD_MATCH = YES;
				COPY_PHASE_STRIP = NO;
				DEBUG_INFORMATION_FORMAT = dwarf;
				ENABLE_STRICT_OBJC_MSGSEND = YES;
				ENABLE_TESTABILITY = YES;
				GCC_C_LANGUAGE_STANDARD = gnu11;
				GCC_DYNAMIC_NO_PIC = NO;
				GCC_NO_COMMON_BLOCKS = YES;
				GCC_OPTIMIZATION_LEVEL = 0;
				GCC_PREPROCESSOR_DEFINITIONS = (
					"DEBUG=1",
					"$(inherited)",
				);
				GCC_WARN_64_TO_32_BIT_CONVERSION = YES;
				GCC_WARN_ABOUT_RETURN_TYPE = YES_ERROR;
				GCC_WARN_UNDECLARED_SELECTOR = YES;
				GCC_WARN_UNINITIALIZED_AUTOS = YES_AGGRESSIVE;
				GCC_WARN_UNUSED_FUNCTION = YES;
				GCC_WARN_UNUSED_VARIABLE = YES;
				IPHONEOS_DEPLOYMENT_TARGET = 14.4;
				MTL_ENABLE_DEBUG_INFO = INCLUDE_SOURCE;
				MTL_FAST_MATH = YES;
				ONLY_ACTIVE_ARCH = YES;
				SDKROOT = iphoneos;
				SWIFT_ACTIVE_COMPILATION_CONDITIONS = DEBUG;
				SWIFT_OPTIMIZATION_LEVEL = "-Onone";
			};
			name = Debug;
		};
		2DC8426A25C3DA53007D5A08 /* Release */ = {
			isa = XCBuildConfiguration;
			buildSettings = {
				ALWAYS_SEARCH_USER_PATHS = NO;
				CLANG_ANALYZER_NONNULL = YES;
				CLANG_ANALYZER_NUMBER_OBJECT_CONVERSION = YES_AGGRESSIVE;
				CLANG_CXX_LANGUAGE_STANDARD = "gnu++14";
				CLANG_CXX_LIBRARY = "libc++";
				CLANG_ENABLE_MODULES = YES;
				CLANG_ENABLE_OBJC_ARC = YES;
				CLANG_ENABLE_OBJC_WEAK = YES;
				CLANG_WARN_BLOCK_CAPTURE_AUTORELEASING = YES;
				CLANG_WARN_BOOL_CONVERSION = YES;
				CLANG_WARN_COMMA = YES;
				CLANG_WARN_CONSTANT_CONVERSION = YES;
				CLANG_WARN_DEPRECATED_OBJC_IMPLEMENTATIONS = YES;
				CLANG_WARN_DIRECT_OBJC_ISA_USAGE = YES_ERROR;
				CLANG_WARN_DOCUMENTATION_COMMENTS = YES;
				CLANG_WARN_EMPTY_BODY = YES;
				CLANG_WARN_ENUM_CONVERSION = YES;
				CLANG_WARN_INFINITE_RECURSION = YES;
				CLANG_WARN_INT_CONVERSION = YES;
				CLANG_WARN_NON_LITERAL_NULL_CONVERSION = YES;
				CLANG_WARN_OBJC_IMPLICIT_RETAIN_SELF = YES;
				CLANG_WARN_OBJC_LITERAL_CONVERSION = YES;
				CLANG_WARN_OBJC_ROOT_CLASS = YES_ERROR;
				CLANG_WARN_QUOTED_INCLUDE_IN_FRAMEWORK_HEADER = YES;
				CLANG_WARN_RANGE_LOOP_ANALYSIS = YES;
				CLANG_WARN_STRICT_PROTOTYPES = YES;
				CLANG_WARN_SUSPICIOUS_MOVE = YES;
				CLANG_WARN_UNGUARDED_AVAILABILITY = YES_AGGRESSIVE;
				CLANG_WARN_UNREACHABLE_CODE = YES;
				CLANG_WARN__DUPLICATE_METHOD_MATCH = YES;
				COPY_PHASE_STRIP = NO;
				DEBUG_INFORMATION_FORMAT = "dwarf-with-dsym";
				ENABLE_NS_ASSERTIONS = NO;
				ENABLE_STRICT_OBJC_MSGSEND = YES;
				GCC_C_LANGUAGE_STANDARD = gnu11;
				GCC_NO_COMMON_BLOCKS = YES;
				GCC_WARN_64_TO_32_BIT_CONVERSION = YES;
				GCC_WARN_ABOUT_RETURN_TYPE = YES_ERROR;
				GCC_WARN_UNDECLARED_SELECTOR = YES;
				GCC_WARN_UNINITIALIZED_AUTOS = YES_AGGRESSIVE;
				GCC_WARN_UNUSED_FUNCTION = YES;
				GCC_WARN_UNUSED_VARIABLE = YES;
				IPHONEOS_DEPLOYMENT_TARGET = 14.4;
				MTL_ENABLE_DEBUG_INFO = NO;
				MTL_FAST_MATH = YES;
				SDKROOT = iphoneos;
				SWIFT_COMPILATION_MODE = wholemodule;
				SWIFT_OPTIMIZATION_LEVEL = "-O";
				VALIDATE_PRODUCT = YES;
			};
			name = Release;
		};
		2DC8426C25C3DA53007D5A08 /* Debug */ = {
			isa = XCBuildConfiguration;
			buildSettings = {
				ASSETCATALOG_COMPILER_APPICON_NAME = AppIcon;
				ASSETCATALOG_COMPILER_GLOBAL_ACCENT_COLOR_NAME = AccentColor;
				CODE_SIGN_STYLE = Automatic;
				DEVELOPMENT_ASSET_PATHS = "\"api_example/Preview Content\"";
				DEVELOPMENT_TEAM = AX8US9J58R;
				ENABLE_PREVIEWS = YES;
				INFOPLIST_FILE = api_example/Info.plist;
				LD_RUNPATH_SEARCH_PATHS = (
					"$(inherited)",
					"@executable_path/Frameworks",
				);
				PRODUCT_BUNDLE_IDENTIFIER = "com.nb.api-example";
				PRODUCT_NAME = "$(TARGET_NAME)";
				SWIFT_VERSION = 5.0;
				TARGETED_DEVICE_FAMILY = "1,2";
			};
			name = Debug;
		};
		2DC8426D25C3DA53007D5A08 /* Release */ = {
			isa = XCBuildConfiguration;
			buildSettings = {
				ASSETCATALOG_COMPILER_APPICON_NAME = AppIcon;
				ASSETCATALOG_COMPILER_GLOBAL_ACCENT_COLOR_NAME = AccentColor;
				CODE_SIGN_STYLE = Automatic;
				DEVELOPMENT_ASSET_PATHS = "\"api_example/Preview Content\"";
				DEVELOPMENT_TEAM = AX8US9J58R;
				ENABLE_PREVIEWS = YES;
				INFOPLIST_FILE = api_example/Info.plist;
				LD_RUNPATH_SEARCH_PATHS = (
					"$(inherited)",
					"@executable_path/Frameworks",
				);
				PRODUCT_BUNDLE_IDENTIFIER = "com.nb.api-example";
				PRODUCT_NAME = "$(TARGET_NAME)";
				SWIFT_VERSION = 5.0;
				TARGETED_DEVICE_FAMILY = "1,2";
			};
			name = Release;
		};
/* End XCBuildConfiguration section */

/* Begin XCConfigurationList section */
		2DC8424F25C3DA52007D5A08 /* Build configuration list for PBXProject "api_example" */ = {
			isa = XCConfigurationList;
			buildConfigurations = (
				2DC8426925C3DA53007D5A08 /* Debug */,
				2DC8426A25C3DA53007D5A08 /* Release */,
			);
			defaultConfigurationIsVisible = 0;
			defaultConfigurationName = Release;
		};
		2DC8426B25C3DA53007D5A08 /* Build configuration list for PBXNativeTarget "api_example" */ = {
			isa = XCConfigurationList;
			buildConfigurations = (
				2DC8426C25C3DA53007D5A08 /* Debug */,
				2DC8426D25C3DA53007D5A08 /* Release */,
			);
			defaultConfigurationIsVisible = 0;
			defaultConfigurationName = Release;
		};
/* End XCConfigurationList section */

/* Begin XCRemoteSwiftPackageReference section */
		2DC8427425C45F68007D5A08 /* XCRemoteSwiftPackageReference "Alamofire" */ = {
			isa = XCRemoteSwiftPackageReference;
			repositoryURL = "https://github.com/Alamofire/Alamofire.git";
			requirement = {
				kind = upToNextMajorVersion;
				minimumVersion = 5.4.1;
			};
		};
/* End XCRemoteSwiftPackageReference section */

/* Begin XCSwiftPackageProductDependency section */
		2DC8427525C45F68007D5A08 /* Alamofire */ = {
			isa = XCSwiftPackageProductDependency;
			package = 2DC8427425C45F68007D5A08 /* XCRemoteSwiftPackageReference "Alamofire" */;
			productName = Alamofire;
		};
/* End XCSwiftPackageProductDependency section */

/* Begin XCVersionGroup section */
		2DC8425D25C3DA52007D5A08 /* api_example.xcdatamodeld */ = {
			isa = XCVersionGroup;
			children = (
				2DC8425E25C3DA52007D5A08 /* api_example.xcdatamodel */,
			);
			currentVersion = 2DC8425E25C3DA52007D5A08 /* api_example.xcdatamodel */;
			path = api_example.xcdatamodeld;
			sourceTree = "<group>";
			versionGroupType = wrapper.xcdatamodel;
		};
/* End XCVersionGroup section */
	};
	rootObject = 2DC8424C25C3DA52007D5A08 /* Project object */;
}
